
Microsoft Visual Studio Solution File, Format Version 12.00
Project("{FAE04EC0-301F-11D3-BF4B-00C04F79EFBC}") = "ParallelCompletion", "ParallelCompletion\ParallelCompletion.csproj", "{62443E6D-153D-4D2B-AC5F-47C05FDE75BE}"
EndProject
Project("{FAE04EC0-301F-11D3-BF4B-00C04F79EFBC}") = "ParallelCompletion.Tests", "ParallelCompletion.Tests\ParallelCompletion.Tests.csproj", "{A3F66418-F1A9-4E1E-AD44-20C106AC1B2A}"
EndProject
Global
	GlobalSection(SolutionConfigurationPlatforms) = preSolution
		Debug|Any CPU = Debug|Any CPU
		Release|Any CPU = Release|Any CPU
	EndGlobalSection
	GlobalSection(ProjectConfigurationPlatforms) = postSolution
		{62443E6D-153D-4D2B-AC5F-47C05FDE75BE}.Debug|Any CPU.ActiveCfg = Debug|Any CPU
		{62443E6D-153D-4D2B-AC5F-47C05FDE75BE}.Debug|Any CPU.Build.0 = Debug|Any CPU
		{62443E6D-153D-4D2B-AC5F-47C05FDE75BE}.Release|Any CPU.ActiveCfg = Release|Any CPU
		{62443E6D-153D-4D2B-AC5F-47C05FDE75BE}.Release|Any CPU.Build.0 = Release|Any CPU
		{A3F66418-F1A9-4E1E-AD44-20C106AC1B2A}.Debug|Any CPU.ActiveCfg = Debug|Any CPU
		{A3F66418-F1A9-4E1E-AD44-20C106AC1B2A}.Debug|Any CPU.Build.0 = Debug|Any CPU
		{A3F66418-F1A9-4E1E-AD44-20C106AC1B2A}.Release|Any CPU.ActiveCfg = Release|Any CPU
		{A3F66418-F1A9-4E1E-AD44-20C106AC1B2A}.Release|Any CPU.Build.0 = Release|Any CPU
	EndGlobalSection
EndGlobal
